
Microsoft Visual Studio Solution File, Format Version 12.00
# Visual Studio Version 16
VisualStudioVersion = 16.0.31205.134
MinimumVisualStudioVersion = 10.0.40219.1
Project("{FAE04EC0-301F-11D3-BF4B-00C04F79EFBC}") = "yoketoruvs22", "yoketoruvs22\yoketoruvs22.csproj", "{17380643-0B9C-473E-96A1-6CC1F2B8A0B8}"
EndProject
Global
	GlobalSection(SolutionConfigurationPlatforms) = preSolution
		Debug|Any CPU = Debug|Any CPU
		Release|Any CPU = Release|Any CPU
	EndGlobalSection
	GlobalSection(ProjectConfigurationPlatforms) = postSolution
		{17380643-0B9C-473E-96A1-6CC1F2B8A0B8}.Debug|Any CPU.ActiveCfg = Debug|Any CPU
		{17380643-0B9C-473E-96A1-6CC1F2B8A0B8}.Debug|Any CPU.Build.0 = Debug|Any CPU
		{17380643-0B9C-473E-96A1-6CC1F2B8A0B8}.Release|Any CPU.ActiveCfg = Release|Any CPU
		{17380643-0B9C-473E-96A1-6CC1F2B8A0B8}.Release|Any CPU.Build.0 = Release|Any CPU
	EndGlobalSection
	GlobalSection(SolutionProperties) = preSolution
		HideSolutionNode = FALSE
	EndGlobalSection
	GlobalSection(ExtensibilityGlobals) = postSolution
		SolutionGuid = {FBCD817E-CB99-492D-B7AC-8C8CC3747E1B}
	EndGlobalSection
EndGlobal
